# This file is @generated by PDM.
# It is not intended for manual editing.

[metadata]
groups = ["default"]
cross_platform = true
static_urls = false
lock_version = "4.3"
content_hash = "sha256:dcb195b0d2ac746f825d6aac2dd6faaa5db9c5bf29833b0465a7902b5832831c"

[[package]]
name = "appnope"
version = "0.1.3"
summary = "Disable App Nap on macOS >= 10.9"
files = [
    {file = "appnope-0.1.3-py2.py3-none-any.whl", hash = "sha256:265a455292d0bd8a72453494fa24df5a11eb18373a60c7c0430889f22548605e"},
    {file = "appnope-0.1.3.tar.gz", hash = "sha256:02bd91c4de869fbb1e1c50aafc4098827a7a54ab2f39d9dcba6c9547ed920e24"},
]

[[package]]
name = "asttokens"
version = "2.4.0"
summary = "Annotate AST trees with source code positions"
dependencies = [
    "six>=1.12.0",
]
files = [
    {file = "asttokens-2.4.0-py2.py3-none-any.whl", hash = "sha256:cf8fc9e61a86461aa9fb161a14a0841a03c405fa829ac6b202670b3495d2ce69"},
    {file = "asttokens-2.4.0.tar.gz", hash = "sha256:2e0171b991b2c959acc6c49318049236844a5da1d65ba2672c4880c1c894834e"},
]

[[package]]
name = "attrs"
version = "23.1.0"
requires_python = ">=3.7"
summary = "Classes Without Boilerplate"
files = [
    {file = "attrs-23.1.0-py3-none-any.whl", hash = "sha256:1f28b4522cdc2fb4256ac1a020c78acf9cba2c6b461ccd2c126f3aa8e8335d04"},
    {file = "attrs-23.1.0.tar.gz", hash = "sha256:6279836d581513a26f1bf235f9acd333bc9115683f14f7e8fae46c98fc50e015"},
]

[[package]]
name = "backcall"
version = "0.2.0"
summary = "Specifications for callback functions passed in to an API"
files = [
    {file = "backcall-0.2.0-py2.py3-none-any.whl", hash = "sha256:fbbce6a29f263178a1f7915c1940bde0ec2b2a967566fe1c65c1dfb7422bd255"},
    {file = "backcall-0.2.0.tar.gz", hash = "sha256:5cbdbf27be5e7cfadb448baf0aa95508f91f2bbc6c6437cd9cd06e2a4c215e1e"},
]

[[package]]
name = "certifi"
version = "2023.7.22"
requires_python = ">=3.6"
summary = "Python package for providing Mozilla's CA Bundle."
files = [
    {file = "certifi-2023.7.22-py3-none-any.whl", hash = "sha256:92d6037539857d8206b8f6ae472e8b77db8058fec5937a1ef3f54304089edbb9"},
    {file = "certifi-2023.7.22.tar.gz", hash = "sha256:539cc1d13202e33ca466e88b2807e29f4c13049d6d87031a3c110744495cb082"},
]

[[package]]
name = "click"
version = "8.1.7"
requires_python = ">=3.7"
summary = "Composable command line interface toolkit"
dependencies = [
    "colorama; platform_system == \"Windows\"",
]
files = [
    {file = "click-8.1.7-py3-none-any.whl", hash = "sha256:ae74fb96c20a0277a1d615f1e4d73c8414f5a98db8b799a7931d1582f3390c28"},
    {file = "click-8.1.7.tar.gz", hash = "sha256:ca9853ad459e787e2192211578cc907e7594e294c7ccc834310722b41b9ca6de"},
]

[[package]]
name = "click-plugins"
version = "1.1.1"
summary = "An extension module for click to enable registering CLI commands via setuptools entry-points."
dependencies = [
    "click>=4.0",
]
files = [
    {file = "click-plugins-1.1.1.tar.gz", hash = "sha256:46ab999744a9d831159c3411bb0c79346d94a444df9a3a3742e9ed63645f264b"},
    {file = "click_plugins-1.1.1-py2.py3-none-any.whl", hash = "sha256:5d262006d3222f5057fd81e1623d4443e41dcda5dc815c06b442aa3c02889fc8"},
]

[[package]]
name = "cligj"
version = "0.7.2"
requires_python = ">=2.7, !=3.0.*, !=3.1.*, !=3.2.*, <4"
summary = "Click params for commmand line interfaces to GeoJSON"
dependencies = [
    "click>=4.0",
]
files = [
    {file = "cligj-0.7.2-py3-none-any.whl", hash = "sha256:c1ca117dbce1fe20a5809dc96f01e1c2840f6dcc939b3ddbb1111bf330ba82df"},
    {file = "cligj-0.7.2.tar.gz", hash = "sha256:a4bc13d623356b373c2c27c53dbd9c68cae5d526270bfa71f6c6fa69669c6b27"},
]

[[package]]
name = "colorama"
version = "0.4.6"
requires_python = "!=3.0.*,!=3.1.*,!=3.2.*,!=3.3.*,!=3.4.*,!=3.5.*,!=3.6.*,>=2.7"
summary = "Cross-platform colored terminal text."
files = [
    {file = "colorama-0.4.6-py2.py3-none-any.whl", hash = "sha256:4f1d9991f5acc0ca119f9d443620b77f9d6b33703e51011c16baf57afb285fc6"},
    {file = "colorama-0.4.6.tar.gz", hash = "sha256:08695f5cb7ed6e0531a20572697297273c47b8cae5a63ffc6d6ed5c201be6e44"},
]

[[package]]
name = "contourpy"
version = "1.1.0"
requires_python = ">=3.8"
summary = "Python library for calculating contours of 2D quadrilateral grids"
dependencies = [
    "numpy>=1.16",
]
files = [
    {file = "contourpy-1.1.0-cp311-cp311-macosx_10_9_x86_64.whl", hash = "sha256:0b7b04ed0961647691cfe5d82115dd072af7ce8846d31a5fac6c142dcce8b882"},
    {file = "contourpy-1.1.0-cp311-cp311-macosx_11_0_arm64.whl", hash = "sha256:27bc79200c742f9746d7dd51a734ee326a292d77e7d94c8af6e08d1e6c15d545"},
    {file = "contourpy-1.1.0-cp311-cp311-manylinux_2_17_aarch64.manylinux2014_aarch64.whl", hash = "sha256:052cc634bf903c604ef1a00a5aa093c54f81a2612faedaa43295809ffdde885e"},
    {file = "contourpy-1.1.0-cp311-cp311-manylinux_2_17_ppc64le.manylinux2014_ppc64le.whl", hash = "sha256:9382a1c0bc46230fb881c36229bfa23d8c303b889b788b939365578d762b5c18"},
    {file = "contourpy-1.1.0-cp311-cp311-manylinux_2_17_s390x.manylinux2014_s390x.whl", hash = "sha256:e5cec36c5090e75a9ac9dbd0ff4a8cf7cecd60f1b6dc23a374c7d980a1cd710e"},
    {file = "contourpy-1.1.0-cp311-cp311-manylinux_2_17_x86_64.manylinux2014_x86_64.whl", hash = "sha256:1f0cbd657e9bde94cd0e33aa7df94fb73c1ab7799378d3b3f902eb8eb2e04a3a"},
    {file = "contourpy-1.1.0-cp311-cp311-musllinux_1_1_x86_64.whl", hash = "sha256:181cbace49874f4358e2929aaf7ba84006acb76694102e88dd15af861996c16e"},
    {file = "contourpy-1.1.0-cp311-cp311-win32.whl", hash = "sha256:edb989d31065b1acef3828a3688f88b2abb799a7db891c9e282df5ec7e46221b"},
    {file = "contourpy-1.1.0-cp311-cp311-win_amd64.whl", hash = "sha256:fb3b7d9e6243bfa1efb93ccfe64ec610d85cfe5aec2c25f97fbbd2e58b531256"},
    {file = "contourpy-1.1.0-pp38-pypy38_pp73-macosx_10_9_x86_64.whl", hash = "sha256:a698c6a7a432789e587168573a864a7ea374c6be8d4f31f9d87c001d5a843493"},
    {file = "contourpy-1.1.0-pp38-pypy38_pp73-manylinux_2_17_x86_64.manylinux2014_x86_64.whl", hash = "sha256:397b0ac8a12880412da3551a8cb5a187d3298a72802b45a3bd1805e204ad8439"},
    {file = "contourpy-1.1.0-pp38-pypy38_pp73-win_amd64.whl", hash = "sha256:a67259c2b493b00e5a4d0f7bfae51fb4b3371395e47d079a4446e9b0f4d70e76"},
    {file = "contourpy-1.1.0-pp39-pypy39_pp73-macosx_10_9_x86_64.whl", hash = "sha256:2b836d22bd2c7bb2700348e4521b25e077255ebb6ab68e351ab5aa91ca27e027"},
    {file = "contourpy-1.1.0-pp39-pypy39_pp73-manylinux_2_17_x86_64.manylinux2014_x86_64.whl", hash = "sha256:084eaa568400cfaf7179b847ac871582199b1b44d5699198e9602ecbbb5f6104"},
    {file = "contourpy-1.1.0-pp39-pypy39_pp73-win_amd64.whl", hash = "sha256:911ff4fd53e26b019f898f32db0d4956c9d227d51338fb3b03ec72ff0084ee5f"},
    {file = "contourpy-1.1.0.tar.gz", hash = "sha256:e53046c3863828d21d531cc3b53786e6580eb1ba02477e8681009b6aa0870b21"},
]

[[package]]
name = "cycler"
version = "0.12.0"
requires_python = ">=3.8"
summary = "Composable style cycles"
files = [
    {file = "cycler-0.12.0-py3-none-any.whl", hash = "sha256:7896994252d006771357777d0251f3e34d266f4fa5f2c572247a80ab01440947"},
    {file = "cycler-0.12.0.tar.gz", hash = "sha256:8cc3a7b4861f91b1095157f9916f748549a617046e67eb7619abed9b34d2c94a"},
]

[[package]]
name = "decorator"
version = "5.1.1"
requires_python = ">=3.5"
summary = "Decorators for Humans"
files = [
    {file = "decorator-5.1.1-py3-none-any.whl", hash = "sha256:b8c3f85900b9dc423225913c5aace94729fe1fa9763b38939a95226f02d37186"},
    {file = "decorator-5.1.1.tar.gz", hash = "sha256:637996211036b6385ef91435e4fae22989472f9d571faba8927ba8253acbc330"},
]

[[package]]
name = "duckdb"
version = "0.9.0"
requires_python = ">=3.7.0"
summary = "DuckDB embedded database"
files = [
    {file = "duckdb-0.9.0-cp311-cp311-macosx_10_9_universal2.whl", hash = "sha256:b8900a9b2dc5eff4849025755801be156cfb16326ff8d0bc5f3787321f1553be"},
    {file = "duckdb-0.9.0-cp311-cp311-macosx_10_9_x86_64.whl", hash = "sha256:f2bad2145350a81f32852e09f00cea43533cce2dd41e974792f60ce24ecdae30"},
    {file = "duckdb-0.9.0-cp311-cp311-macosx_11_0_arm64.whl", hash = "sha256:139c0af678dd7ca4a37c744db67a32dd65ee62424dcb09f4ac6c839115ec67a4"},
    {file = "duckdb-0.9.0-cp311-cp311-manylinux_2_17_aarch64.manylinux2014_aarch64.whl", hash = "sha256:acead7e2145e837cb220d6adf5c8a13bd08c8552ea924f9ee95483b379a2de41"},
    {file = "duckdb-0.9.0-cp311-cp311-manylinux_2_17_x86_64.manylinux2014_x86_64.whl", hash = "sha256:15dc13cac315741c7fa97907ed8b999b31c10fb3347a142d367c8ce0ed8be63e"},
    {file = "duckdb-0.9.0-cp311-cp311-musllinux_1_1_x86_64.whl", hash = "sha256:2d5d8b3e6cad93ab9ac92ce1a2db7ea4836cc2a310efc8e4d8d79648050e2804"},
    {file = "duckdb-0.9.0-cp311-cp311-win32.whl", hash = "sha256:c3b677cade05bf99a225c164ca46384d0182e7d09b47998174df5b4711717a62"},
    {file = "duckdb-0.9.0-cp311-cp311-win_amd64.whl", hash = "sha256:99ed27ef0f1bc8b4f64bed124331d474b0f3106de91fd086e00fa98c670df488"},
    {file = "duckdb-0.9.0.tar.gz", hash = "sha256:3a52c975cc13b965580cd00af1538b2d9f6b896431f97121dbee7ce715edcd2a"},
]

[[package]]
name = "executing"
version = "2.0.0"
summary = "Get the currently executing AST node of a frame, and other information"
files = [
    {file = "executing-2.0.0-py2.py3-none-any.whl", hash = "sha256:06df6183df67389625f4e763921c6cf978944721abf3e714000200aab95b0657"},
    {file = "executing-2.0.0.tar.gz", hash = "sha256:0ff053696fdeef426cda5bd18eacd94f82c91f49823a2e9090124212ceea9b08"},
]

[[package]]
name = "fiona"
version = "1.9.4.post1"
requires_python = ">=3.7"
summary = "Fiona reads and writes spatial data files"
dependencies = [
    "attrs>=19.2.0",
    "certifi",
    "click-plugins>=1.0",
    "click~=8.0",
    "cligj>=0.5",
    "six",
]
files = [
    {file = "Fiona-1.9.4.post1-cp311-cp311-macosx_10_15_x86_64.whl", hash = "sha256:c671d8832287cda397621d79c5a635d52e4631f33a8f0e6fdc732a79a93cb96c"},
    {file = "Fiona-1.9.4.post1-cp311-cp311-macosx_11_0_arm64.whl", hash = "sha256:b633a2e550e083805c638d2ab8059c283ca112aaea8241e170c012d2ee0aa905"},
    {file = "Fiona-1.9.4.post1-cp311-cp311-manylinux_2_17_x86_64.manylinux2014_x86_64.whl", hash = "sha256:c1faa625d5202b8403471bbc9f9c96b1bf9099cfcb0ee02a80a3641d3d02383e"},
    {file = "Fiona-1.9.4.post1-cp311-cp311-win_amd64.whl", hash = "sha256:39baf11ff0e4318397e2b2197de427b4eebdc49d4a9a7c1366f8a7ed682978a4"},
    {file = "Fiona-1.9.4.post1.tar.gz", hash = "sha256:5679d3f7e0d513035eb72e59527bb90486859af4405755dfc739138633106120"},
]

[[package]]
name = "fonttools"
version = "4.43.0"
requires_python = ">=3.8"
summary = "Tools to manipulate font files"
files = [
    {file = "fonttools-4.43.0-cp311-cp311-macosx_10_9_universal2.whl", hash = "sha256:da78f39b601ed0b4262929403186d65cf7a016f91ff349ab18fdc5a7080af465"},
    {file = "fonttools-4.43.0-cp311-cp311-macosx_10_9_x86_64.whl", hash = "sha256:5056f69a18f3f28ab5283202d1efcfe011585d31de09d8560f91c6c88f041e92"},
    {file = "fonttools-4.43.0-cp311-cp311-manylinux_2_17_aarch64.manylinux2014_aarch64.whl", hash = "sha256:dcc01cea0a121fb0c009993497bad93cae25e77db7dee5345fec9cce1aaa09cd"},
    {file = "fonttools-4.43.0-cp311-cp311-manylinux_2_17_x86_64.manylinux2014_x86_64.whl", hash = "sha256:ee728d5af70f117581712966a21e2e07031e92c687ef1fdc457ac8d281016f64"},
    {file = "fonttools-4.43.0-cp311-cp311-musllinux_1_1_aarch64.whl", hash = "sha256:b5e760198f0b87e42478bb35a6eae385c636208f6f0d413e100b9c9c5efafb6a"},
    {file = "fonttools-4.43.0-cp311-cp311-musllinux_1_1_x86_64.whl", hash = "sha256:af38f5145258e9866da5881580507e6d17ff7756beef175d13213a43a84244e9"},
    {file = "fonttools-4.43.0-cp311-cp311-win32.whl", hash = "sha256:25620b738d4533cfc21fd2a4f4b667e481f7cb60e86b609799f7d98af657854e"},
    {file = "fonttools-4.43.0-cp311-cp311-win_amd64.whl", hash = "sha256:635658464dccff6fa5c3b43fe8f818ae2c386ee6a9e1abc27359d1e255528186"},
    {file = "fonttools-4.43.0-cp312-cp312-macosx_10_9_universal2.whl", hash = "sha256:a682fb5cbf8837d1822b80acc0be5ff2ea0c49ca836e468a21ffd388ef280fd3"},
    {file = "fonttools-4.43.0-cp312-cp312-macosx_10_9_x86_64.whl", hash = "sha256:3d7adfa342e6b3a2b36960981f23f480969f833d565a4eba259c2e6f59d2674f"},
    {file = "fonttools-4.43.0-cp312-cp312-manylinux_2_17_aarch64.manylinux2014_aarch64.whl", hash = "sha256:5aa67d1e720fdd902fde4a59d0880854ae9f19fc958f3e1538bceb36f7f4dc92"},
    {file = "fonttools-4.43.0-cp312-cp312-manylinux_2_5_x86_64.manylinux1_x86_64.manylinux_2_17_x86_64.manylinux2014_x86_64.whl", hash = "sha256:77e5113233a2df07af9dbf493468ce526784c3b179c0e8b9c7838ced37c98b69"},
    {file = "fonttools-4.43.0-cp312-cp312-musllinux_1_1_aarch64.whl", hash = "sha256:57c22e5f9f53630d458830f710424dce4f43c5f0d95cb3368c0f5178541e4db7"},
    {file = "fonttools-4.43.0-cp312-cp312-musllinux_1_1_x86_64.whl", hash = "sha256:206808f9717c9b19117f461246372a2c160fa12b9b8dbdfb904ab50ca235ba0a"},
    {file = "fonttools-4.43.0-cp312-cp312-win32.whl", hash = "sha256:f19c2b1c65d57cbea25cabb80941fea3fbf2625ff0cdcae8900b5fb1c145704f"},
    {file = "fonttools-4.43.0-cp312-cp312-win_amd64.whl", hash = "sha256:7c76f32051159f8284f1a5f5b605152b5a530736fb8b55b09957db38dcae5348"},
    {file = "fonttools-4.43.0-py3-none-any.whl", hash = "sha256:e4bc589d8da09267c7c4ceaaaa4fc01a7908ac5b43b286ac9279afe76407c384"},
    {file = "fonttools-4.43.0.tar.gz", hash = "sha256:b62a53a4ca83c32c6b78cac64464f88d02929779373c716f738af6968c8c821e"},
]

[[package]]
name = "geopandas"
version = "0.14.0"
requires_python = ">=3.9"
summary = "Geographic pandas extensions"
dependencies = [
    "fiona>=1.8.21",
    "packaging",
    "pandas>=1.4.0",
    "pyproj>=3.3.0",
    "shapely>=1.8.0",
]
files = [
    {file = "geopandas-0.14.0-py3-none-any.whl", hash = "sha256:a402a565e727642cb44a500c911f226eea26c1b1247c6586827031e3d7a9403a"},
    {file = "geopandas-0.14.0.tar.gz", hash = "sha256:ea6c031889e1e1888aecaa6e182ca620d78f63551c49b3002a998bcbb280531f"},
]

[[package]]
name = "ipdb"
version = "0.13.13"
requires_python = ">=2.7, !=3.0.*, !=3.1.*, !=3.2.*, !=3.3.*"
summary = "IPython-enabled pdb"
dependencies = [
    "decorator; python_version >= \"3.11\"",
    "ipython>=7.31.1; python_version >= \"3.11\"",
]
files = [
    {file = "ipdb-0.13.13-py3-none-any.whl", hash = "sha256:45529994741c4ab6d2388bfa5d7b725c2cf7fe9deffabdb8a6113aa5ed449ed4"},
    {file = "ipdb-0.13.13.tar.gz", hash = "sha256:e3ac6018ef05126d442af680aad863006ec19d02290561ac88b8b1c0b0cfc726"},
]

[[package]]
name = "ipython"
version = "8.16.1"
requires_python = ">=3.9"
summary = "IPython: Productive Interactive Computing"
dependencies = [
    "appnope; sys_platform == \"darwin\"",
    "backcall",
    "colorama; sys_platform == \"win32\"",
    "decorator",
    "jedi>=0.16",
    "matplotlib-inline",
    "pexpect>4.3; sys_platform != \"win32\"",
    "pickleshare",
    "prompt-toolkit!=3.0.37,<3.1.0,>=3.0.30",
    "pygments>=2.4.0",
    "stack-data",
    "traitlets>=5",
]
files = [
    {file = "ipython-8.16.1-py3-none-any.whl", hash = "sha256:0852469d4d579d9cd613c220af7bf0c9cc251813e12be647cb9d463939db9b1e"},
    {file = "ipython-8.16.1.tar.gz", hash = "sha256:ad52f58fca8f9f848e256c629eff888efc0528c12fe0f8ec14f33205f23ef938"},
]

[[package]]
name = "jedi"
version = "0.19.1"
requires_python = ">=3.6"
summary = "An autocompletion tool for Python that can be used for text editors."
dependencies = [
    "parso<0.9.0,>=0.8.3",
]
files = [
    {file = "jedi-0.19.1-py2.py3-none-any.whl", hash = "sha256:e983c654fe5c02867aef4cdfce5a2fbb4a50adc0af145f70504238f18ef5e7e0"},
    {file = "jedi-0.19.1.tar.gz", hash = "sha256:cf0496f3651bc65d7174ac1b7d043eff454892c708a87d1b683e57b569927ffd"},
]

[[package]]
name = "kiwisolver"
version = "1.4.5"
requires_python = ">=3.7"
summary = "A fast implementation of the Cassowary constraint solver"
files = [
    {file = "kiwisolver-1.4.5-cp311-cp311-macosx_10_9_universal2.whl", hash = "sha256:11863aa14a51fd6ec28688d76f1735f8f69ab1fabf388851a595d0721af042f5"},
    {file = "kiwisolver-1.4.5-cp311-cp311-macosx_10_9_x86_64.whl", hash = "sha256:8ab3919a9997ab7ef2fbbed0cc99bb28d3c13e6d4b1ad36e97e482558a91be90"},
    {file = "kiwisolver-1.4.5-cp311-cp311-macosx_11_0_arm64.whl", hash = "sha256:fcc700eadbbccbf6bc1bcb9dbe0786b4b1cb91ca0dcda336eef5c2beed37b797"},
    {file = "kiwisolver-1.4.5-cp311-cp311-manylinux_2_12_i686.manylinux2010_i686.manylinux_2_17_i686.manylinux2014_i686.whl", hash = "sha256:dfdd7c0b105af050eb3d64997809dc21da247cf44e63dc73ff0fd20b96be55a9"},
    {file = "kiwisolver-1.4.5-cp311-cp311-manylinux_2_17_aarch64.manylinux2014_aarch64.whl", hash = "sha256:76c6a5964640638cdeaa0c359382e5703e9293030fe730018ca06bc2010c4437"},
    {file = "kiwisolver-1.4.5-cp311-cp311-manylinux_2_17_ppc64le.manylinux2014_ppc64le.whl", hash = "sha256:bbea0db94288e29afcc4c28afbf3a7ccaf2d7e027489c449cf7e8f83c6346eb9"},
    {file = "kiwisolver-1.4.5-cp311-cp311-manylinux_2_17_s390x.manylinux2014_s390x.whl", hash = "sha256:ceec1a6bc6cab1d6ff5d06592a91a692f90ec7505d6463a88a52cc0eb58545da"},
    {file = "kiwisolver-1.4.5-cp311-cp311-manylinux_2_17_x86_64.manylinux2014_x86_64.whl", hash = "sha256:040c1aebeda72197ef477a906782b5ab0d387642e93bda547336b8957c61022e"},
    {file = "kiwisolver-1.4.5-cp311-cp311-musllinux_1_1_aarch64.whl", hash = "sha256:f91de7223d4c7b793867797bacd1ee53bfe7359bd70d27b7b58a04efbb9436c8"},
    {file = "kiwisolver-1.4.5-cp311-cp311-musllinux_1_1_i686.whl", hash = "sha256:faae4860798c31530dd184046a900e652c95513796ef51a12bc086710c2eec4d"},
    {file = "kiwisolver-1.4.5-cp311-cp311-musllinux_1_1_ppc64le.whl", hash = "sha256:b0157420efcb803e71d1b28e2c287518b8808b7cf1ab8af36718fd0a2c453eb0"},
    {file = "kiwisolver-1.4.5-cp311-cp311-musllinux_1_1_s390x.whl", hash = "sha256:06f54715b7737c2fecdbf140d1afb11a33d59508a47bf11bb38ecf21dc9ab79f"},
    {file = "kiwisolver-1.4.5-cp311-cp311-musllinux_1_1_x86_64.whl", hash = "sha256:fdb7adb641a0d13bdcd4ef48e062363d8a9ad4a182ac7647ec88f695e719ae9f"},
    {file = "kiwisolver-1.4.5-cp311-cp311-win32.whl", hash = "sha256:bb86433b1cfe686da83ce32a9d3a8dd308e85c76b60896d58f082136f10bffac"},
    {file = "kiwisolver-1.4.5-cp311-cp311-win_amd64.whl", hash = "sha256:6c08e1312a9cf1074d17b17728d3dfce2a5125b2d791527f33ffbe805200a355"},
    {file = "kiwisolver-1.4.5-cp312-cp312-macosx_10_9_universal2.whl", hash = "sha256:32d5cf40c4f7c7b3ca500f8985eb3fb3a7dfc023215e876f207956b5ea26632a"},
    {file = "kiwisolver-1.4.5-cp312-cp312-macosx_10_9_x86_64.whl", hash = "sha256:f846c260f483d1fd217fe5ed7c173fb109efa6b1fc8381c8b7552c5781756192"},
    {file = "kiwisolver-1.4.5-cp312-cp312-macosx_11_0_arm64.whl", hash = "sha256:5ff5cf3571589b6d13bfbfd6bcd7a3f659e42f96b5fd1c4830c4cf21d4f5ef45"},
    {file = "kiwisolver-1.4.5-cp312-cp312-manylinux_2_12_i686.manylinux2010_i686.manylinux_2_17_i686.manylinux2014_i686.whl", hash = "sha256:7269d9e5f1084a653d575c7ec012ff57f0c042258bf5db0954bf551c158466e7"},
    {file = "kiwisolver-1.4.5-cp312-cp312-manylinux_2_17_aarch64.manylinux2014_aarch64.whl", hash = "sha256:da802a19d6e15dffe4b0c24b38b3af68e6c1a68e6e1d8f30148c83864f3881db"},
    {file = "kiwisolver-1.4.5-cp312-cp312-manylinux_2_17_ppc64le.manylinux2014_ppc64le.whl", hash = "sha256:3aba7311af82e335dd1e36ffff68aaca609ca6290c2cb6d821a39aa075d8e3ff"},
    {file = "kiwisolver-1.4.5-cp312-cp312-manylinux_2_17_s390x.manylinux2014_s390x.whl", hash = "sha256:763773d53f07244148ccac5b084da5adb90bfaee39c197554f01b286cf869228"},
    {file = "kiwisolver-1.4.5-cp312-cp312-manylinux_2_17_x86_64.manylinux2014_x86_64.whl", hash = "sha256:2270953c0d8cdab5d422bee7d2007f043473f9d2999631c86a223c9db56cbd16"},
    {file = "kiwisolver-1.4.5-cp312-cp312-musllinux_1_1_aarch64.whl", hash = "sha256:d099e745a512f7e3bbe7249ca835f4d357c586d78d79ae8f1dcd4d8adeb9bda9"},
    {file = "kiwisolver-1.4.5-cp312-cp312-musllinux_1_1_i686.whl", hash = "sha256:74db36e14a7d1ce0986fa104f7d5637aea5c82ca6326ed0ec5694280942d1162"},
    {file = "kiwisolver-1.4.5-cp312-cp312-musllinux_1_1_ppc64le.whl", hash = "sha256:7e5bab140c309cb3a6ce373a9e71eb7e4873c70c2dda01df6820474f9889d6d4"},
    {file = "kiwisolver-1.4.5-cp312-cp312-musllinux_1_1_s390x.whl", hash = "sha256:0f114aa76dc1b8f636d077979c0ac22e7cd8f3493abbab152f20eb8d3cda71f3"},
    {file = "kiwisolver-1.4.5-cp312-cp312-musllinux_1_1_x86_64.whl", hash = "sha256:88a2df29d4724b9237fc0c6eaf2a1adae0cdc0b3e9f4d8e7dc54b16812d2d81a"},
    {file = "kiwisolver-1.4.5-cp312-cp312-win32.whl", hash = "sha256:72d40b33e834371fd330fb1472ca19d9b8327acb79a5821d4008391db8e29f20"},
    {file = "kiwisolver-1.4.5-cp312-cp312-win_amd64.whl", hash = "sha256:2c5674c4e74d939b9d91dda0fae10597ac7521768fec9e399c70a1f27e2ea2d9"},
    {file = "kiwisolver-1.4.5-pp37-pypy37_pp73-macosx_10_9_x86_64.whl", hash = "sha256:5c7b3b3a728dc6faf3fc372ef24f21d1e3cee2ac3e9596691d746e5a536de920"},
    {file = "kiwisolver-1.4.5-pp37-pypy37_pp73-manylinux_2_12_i686.manylinux2010_i686.whl", hash = "sha256:620ced262a86244e2be10a676b646f29c34537d0d9cc8eb26c08f53d98013390"},
    {file = "kiwisolver-1.4.5-pp37-pypy37_pp73-manylinux_2_12_x86_64.manylinux2010_x86_64.whl", hash = "sha256:378a214a1e3bbf5ac4a8708304318b4f890da88c9e6a07699c4ae7174c09a68d"},
    {file = "kiwisolver-1.4.5-pp37-pypy37_pp73-manylinux_2_17_aarch64.manylinux2014_aarch64.whl", hash = "sha256:aaf7be1207676ac608a50cd08f102f6742dbfc70e8d60c4db1c6897f62f71523"},
    {file = "kiwisolver-1.4.5-pp37-pypy37_pp73-win_amd64.whl", hash = "sha256:ba55dce0a9b8ff59495ddd050a0225d58bd0983d09f87cfe2b6aec4f2c1234e4"},
    {file = "kiwisolver-1.4.5-pp38-pypy38_pp73-macosx_10_9_x86_64.whl", hash = "sha256:fd32ea360bcbb92d28933fc05ed09bffcb1704ba3fc7942e81db0fd4f81a7892"},
    {file = "kiwisolver-1.4.5-pp38-pypy38_pp73-manylinux_2_12_i686.manylinux2010_i686.whl", hash = "sha256:5e7139af55d1688f8b960ee9ad5adafc4ac17c1c473fe07133ac092310d76544"},
    {file = "kiwisolver-1.4.5-pp38-pypy38_pp73-manylinux_2_12_x86_64.manylinux2010_x86_64.whl", hash = "sha256:dced8146011d2bc2e883f9bd68618b8247387f4bbec46d7392b3c3b032640126"},
    {file = "kiwisolver-1.4.5-pp38-pypy38_pp73-manylinux_2_17_aarch64.manylinux2014_aarch64.whl", hash = "sha256:c9bf3325c47b11b2e51bca0824ea217c7cd84491d8ac4eefd1e409705ef092bd"},
    {file = "kiwisolver-1.4.5-pp38-pypy38_pp73-win_amd64.whl", hash = "sha256:5794cf59533bc3f1b1c821f7206a3617999db9fbefc345360aafe2e067514929"},
    {file = "kiwisolver-1.4.5-pp39-pypy39_pp73-macosx_10_9_x86_64.whl", hash = "sha256:e368f200bbc2e4f905b8e71eb38b3c04333bddaa6a2464a6355487b02bb7fb09"},
    {file = "kiwisolver-1.4.5-pp39-pypy39_pp73-manylinux_2_12_i686.manylinux2010_i686.manylinux_2_17_i686.manylinux2014_i686.whl", hash = "sha256:e5d706eba36b4c4d5bc6c6377bb6568098765e990cfc21ee16d13963fab7b3e7"},
    {file = "kiwisolver-1.4.5-pp39-pypy39_pp73-manylinux_2_17_aarch64.manylinux2014_aarch64.whl", hash = "sha256:85267bd1aa8880a9c88a8cb71e18d3d64d2751a790e6ca6c27b8ccc724bcd5ad"},
    {file = "kiwisolver-1.4.5-pp39-pypy39_pp73-manylinux_2_17_x86_64.manylinux2014_x86_64.whl", hash = "sha256:210ef2c3a1f03272649aff1ef992df2e724748918c4bc2d5a90352849eb40bea"},
    {file = "kiwisolver-1.4.5-pp39-pypy39_pp73-win_amd64.whl", hash = "sha256:11d011a7574eb3b82bcc9c1a1d35c1d7075677fdd15de527d91b46bd35e935ee"},
    {file = "kiwisolver-1.4.5.tar.gz", hash = "sha256:e57e563a57fb22a142da34f38acc2fc1a5c864bc29ca1517a88abc963e60d6ec"},
]

[[package]]
name = "matplotlib"
version = "3.8.0"
requires_python = ">=3.9"
summary = "Python plotting package"
dependencies = [
    "contourpy>=1.0.1",
    "cycler>=0.10",
    "fonttools>=4.22.0",
    "kiwisolver>=1.0.1",
    "numpy<2,>=1.21",
    "packaging>=20.0",
    "pillow>=6.2.0",
    "pyparsing>=2.3.1",
    "python-dateutil>=2.7",
]
files = [
    {file = "matplotlib-3.8.0-cp311-cp311-macosx_10_12_x86_64.whl", hash = "sha256:5dc945a9cb2deb7d197ba23eb4c210e591d52d77bf0ba27c35fc82dec9fa78d4"},
    {file = "matplotlib-3.8.0-cp311-cp311-macosx_11_0_arm64.whl", hash = "sha256:f8b5a1bf27d078453aa7b5b27f52580e16360d02df6d3dc9504f3d2ce11f6309"},
    {file = "matplotlib-3.8.0-cp311-cp311-manylinux_2_17_aarch64.manylinux2014_aarch64.whl", hash = "sha256:6f25ffb6ad972cdffa7df8e5be4b1e3cadd2f8d43fc72085feb1518006178394"},
    {file = "matplotlib-3.8.0-cp311-cp311-manylinux_2_17_x86_64.manylinux2014_x86_64.whl", hash = "sha256:eee482731c8c17d86d9ddb5194d38621f9b0f0d53c99006275a12523ab021732"},
    {file = "matplotlib-3.8.0-cp311-cp311-musllinux_1_1_x86_64.whl", hash = "sha256:36eafe2128772195b373e1242df28d1b7ec6c04c15b090b8d9e335d55a323900"},
    {file = "matplotlib-3.8.0-cp311-cp311-win_amd64.whl", hash = "sha256:061ee58facb3580cd2d046a6d227fb77e9295599c5ec6ad069f06b5821ad1cfc"},
    {file = "matplotlib-3.8.0-cp312-cp312-macosx_10_12_x86_64.whl", hash = "sha256:3cc3776836d0f4f22654a7f2d2ec2004618d5cf86b7185318381f73b80fd8a2d"},
    {file = "matplotlib-3.8.0-cp312-cp312-macosx_11_0_arm64.whl", hash = "sha256:6c49a2bd6981264bddcb8c317b6bd25febcece9e2ebfcbc34e7f4c0c867c09dc"},
    {file = "matplotlib-3.8.0-cp312-cp312-manylinux_2_17_aarch64.manylinux2014_aarch64.whl", hash = "sha256:23ed11654fc83cd6cfdf6170b453e437674a050a452133a064d47f2f1371f8d3"},
    {file = "matplotlib-3.8.0-cp312-cp312-manylinux_2_17_x86_64.manylinux2014_x86_64.whl", hash = "sha256:dae97fdd6996b3a25da8ee43e3fc734fff502f396801063c6b76c20b56683196"},
    {file = "matplotlib-3.8.0-cp312-cp312-musllinux_1_1_x86_64.whl", hash = "sha256:87df75f528020a6299f76a1d986c0ed4406e3b2bd44bc5e306e46bca7d45e53e"},
    {file = "matplotlib-3.8.0-cp312-cp312-win_amd64.whl", hash = "sha256:90d74a95fe055f73a6cd737beecc1b81c26f2893b7a3751d52b53ff06ca53f36"},
    {file = "matplotlib-3.8.0-pp39-pypy39_pp73-macosx_10_12_x86_64.whl", hash = "sha256:0b11f354aae62a2aa53ec5bb09946f5f06fc41793e351a04ff60223ea9162955"},
    {file = "matplotlib-3.8.0-pp39-pypy39_pp73-manylinux_2_17_x86_64.manylinux2014_x86_64.whl", hash = "sha256:7f54b9fb87ca5acbcdd0f286021bedc162e1425fa5555ebf3b3dfc167b955ad9"},
    {file = "matplotlib-3.8.0-pp39-pypy39_pp73-win_amd64.whl", hash = "sha256:60a6e04dfd77c0d3bcfee61c3cd335fff1b917c2f303b32524cd1235e194ef99"},
    {file = "matplotlib-3.8.0.tar.gz", hash = "sha256:df8505e1c19d5c2c26aff3497a7cbd3ccfc2e97043d1e4db3e76afa399164b69"},
]

[[package]]
name = "matplotlib-inline"
version = "0.1.6"
requires_python = ">=3.5"
summary = "Inline Matplotlib backend for Jupyter"
dependencies = [
    "traitlets",
]
files = [
    {file = "matplotlib-inline-0.1.6.tar.gz", hash = "sha256:f887e5f10ba98e8d2b150ddcf4702c1e5f8b3a20005eb0f74bfdbd360ee6f304"},
    {file = "matplotlib_inline-0.1.6-py3-none-any.whl", hash = "sha256:f1f41aab5328aa5aaea9b16d083b128102f8712542f819fe7e6a420ff581b311"},
]

[[package]]
name = "numpy"
version = "1.25.2"
requires_python = ">=3.9"
summary = "Fundamental package for array computing in Python"
files = [
    {file = "numpy-1.25.2-cp311-cp311-macosx_10_9_x86_64.whl", hash = "sha256:c5462d19336db4560041517dbb7759c21d181a67cb01b36ca109b2ae37d32418"},
    {file = "numpy-1.25.2-cp311-cp311-macosx_11_0_arm64.whl", hash = "sha256:c5652ea24d33585ea39eb6a6a15dac87a1206a692719ff45d53c5282e66d4a8f"},
    {file = "numpy-1.25.2-cp311-cp311-manylinux_2_17_aarch64.manylinux2014_aarch64.whl", hash = "sha256:0d60fbae8e0019865fc4784745814cff1c421df5afee233db6d88ab4f14655a2"},
    {file = "numpy-1.25.2-cp311-cp311-manylinux_2_17_x86_64.manylinux2014_x86_64.whl", hash = "sha256:60e7f0f7f6d0eee8364b9a6304c2845b9c491ac706048c7e8cf47b83123b8dbf"},
    {file = "numpy-1.25.2-cp311-cp311-musllinux_1_1_x86_64.whl", hash = "sha256:bb33d5a1cf360304754913a350edda36d5b8c5331a8237268c48f91253c3a364"},
    {file = "numpy-1.25.2-cp311-cp311-win32.whl", hash = "sha256:5883c06bb92f2e6c8181df7b39971a5fb436288db58b5a1c3967702d4278691d"},
    {file = "numpy-1.25.2-cp311-cp311-win_amd64.whl", hash = "sha256:5c97325a0ba6f9d041feb9390924614b60b99209a71a69c876f71052521d42a4"},
    {file = "numpy-1.25.2-pp39-pypy39_pp73-macosx_10_9_x86_64.whl", hash = "sha256:1a1329e26f46230bf77b02cc19e900db9b52f398d6722ca853349a782d4cff55"},
    {file = "numpy-1.25.2-pp39-pypy39_pp73-manylinux_2_17_x86_64.manylinux2014_x86_64.whl", hash = "sha256:4c3abc71e8b6edba80a01a52e66d83c5d14433cbcd26a40c329ec7ed09f37901"},
    {file = "numpy-1.25.2-pp39-pypy39_pp73-win_amd64.whl", hash = "sha256:1b9735c27cea5d995496f46a8b1cd7b408b3f34b6d50459d9ac8fe3a20cc17bf"},
    {file = "numpy-1.25.2.tar.gz", hash = "sha256:fd608e19c8d7c55021dffd43bfe5492fab8cc105cc8986f813f8c3c048b38760"},
]

[[package]]
name = "packaging"
version = "23.2"
requires_python = ">=3.7"
summary = "Core utilities for Python packages"
files = [
    {file = "packaging-23.2-py3-none-any.whl", hash = "sha256:8c491190033a9af7e1d931d0b5dacc2ef47509b34dd0de67ed209b5203fc88c7"},
    {file = "packaging-23.2.tar.gz", hash = "sha256:048fb0e9405036518eaaf48a55953c750c11e1a1b68e0dd1a9d62ed0c092cfc5"},
]

[[package]]
name = "pandas"
version = "2.1.0"
requires_python = ">=3.9"
summary = "Powerful data structures for data analysis, time series, and statistics"
dependencies = [
    "numpy>=1.23.2; python_version >= \"3.11\"",
    "python-dateutil>=2.8.2",
    "pytz>=2020.1",
    "tzdata>=2022.1",
]
files = [
    {file = "pandas-2.1.0-cp311-cp311-macosx_10_9_x86_64.whl", hash = "sha256:cda72cc8c4761c8f1d97b169661f23a86b16fdb240bdc341173aee17e4d6cedd"},
    {file = "pandas-2.1.0-cp311-cp311-macosx_11_0_arm64.whl", hash = "sha256:d97daeac0db8c993420b10da4f5f5b39b01fc9ca689a17844e07c0a35ac96b4b"},
    {file = "pandas-2.1.0-cp311-cp311-manylinux_2_17_aarch64.manylinux2014_aarch64.whl", hash = "sha256:d8c58b1113892e0c8078f006a167cc210a92bdae23322bb4614f2f0b7a4b510f"},
    {file = "pandas-2.1.0-cp311-cp311-manylinux_2_17_x86_64.manylinux2014_x86_64.whl", hash = "sha256:629124923bcf798965b054a540f9ccdfd60f71361255c81fa1ecd94a904b9dd3"},
    {file = "pandas-2.1.0-cp311-cp311-musllinux_1_1_x86_64.whl", hash = "sha256:70cf866af3ab346a10debba8ea78077cf3a8cd14bd5e4bed3d41555a3280041c"},
    {file = "pandas-2.1.0-cp311-cp311-win_amd64.whl", hash = "sha256:d53c8c1001f6a192ff1de1efe03b31a423d0eee2e9e855e69d004308e046e694"},
    {file = "pandas-2.1.0.tar.gz", hash = "sha256:62c24c7fc59e42b775ce0679cfa7b14a5f9bfb7643cfbe708c960699e05fb918"},
]

[[package]]
name = "parso"
version = "0.8.3"
requires_python = ">=3.6"
summary = "A Python Parser"
files = [
    {file = "parso-0.8.3-py2.py3-none-any.whl", hash = "sha256:c001d4636cd3aecdaf33cbb40aebb59b094be2a74c556778ef5576c175e19e75"},
    {file = "parso-0.8.3.tar.gz", hash = "sha256:8c07be290bb59f03588915921e29e8a50002acaf2cdc5fa0e0114f91709fafa0"},
]

[[package]]
name = "pexpect"
version = "4.8.0"
summary = "Pexpect allows easy control of interactive console applications."
dependencies = [
    "ptyprocess>=0.5",
]
files = [
    {file = "pexpect-4.8.0-py2.py3-none-any.whl", hash = "sha256:0b48a55dcb3c05f3329815901ea4fc1537514d6ba867a152b581d69ae3710937"},
    {file = "pexpect-4.8.0.tar.gz", hash = "sha256:fc65a43959d153d0114afe13997d439c22823a27cefceb5ff35c2178c6784c0c"},
]

[[package]]
name = "pickleshare"
version = "0.7.5"
summary = "Tiny 'shelve'-like database with concurrency support"
files = [
    {file = "pickleshare-0.7.5-py2.py3-none-any.whl", hash = "sha256:9649af414d74d4df115d5d718f82acb59c9d418196b7b4290ed47a12ce62df56"},
    {file = "pickleshare-0.7.5.tar.gz", hash = "sha256:87683d47965c1da65cdacaf31c8441d12b8044cdec9aca500cd78fc2c683afca"},
]

[[package]]
name = "pillow"
version = "10.0.1"
requires_python = ">=3.8"
summary = "Python Imaging Library (Fork)"
files = [
    {file = "Pillow-10.0.1-cp311-cp311-macosx_10_10_x86_64.whl", hash = "sha256:fd2a5403a75b54661182b75ec6132437a181209b901446ee5724b589af8edef1"},
    {file = "Pillow-10.0.1-cp311-cp311-macosx_11_0_arm64.whl", hash = "sha256:2d7e91b4379f7a76b31c2dda84ab9e20c6220488e50f7822e59dac36b0cd92b1"},
    {file = "Pillow-10.0.1-cp311-cp311-manylinux_2_17_aarch64.manylinux2014_aarch64.whl", hash = "sha256:19e9adb3f22d4c416e7cd79b01375b17159d6990003633ff1d8377e21b7f1b21"},
    {file = "Pillow-10.0.1-cp311-cp311-manylinux_2_17_x86_64.manylinux2014_x86_64.whl", hash = "sha256:93139acd8109edcdeffd85e3af8ae7d88b258b3a1e13a038f542b79b6d255c54"},
    {file = "Pillow-10.0.1-cp311-cp311-manylinux_2_28_aarch64.whl", hash = "sha256:92a23b0431941a33242b1f0ce6c88a952e09feeea9af4e8be48236a68ffe2205"},
    {file = "Pillow-10.0.1-cp311-cp311-manylinux_2_28_x86_64.whl", hash = "sha256:cbe68deb8580462ca0d9eb56a81912f59eb4542e1ef8f987405e35a0179f4ea2"},
    {file = "Pillow-10.0.1-cp311-cp311-musllinux_1_1_aarch64.whl", hash = "sha256:522ff4ac3aaf839242c6f4e5b406634bfea002469656ae8358644fc6c4856a3b"},
    {file = "Pillow-10.0.1-cp311-cp311-musllinux_1_1_x86_64.whl", hash = "sha256:84efb46e8d881bb06b35d1d541aa87f574b58e87f781cbba8d200daa835b42e1"},
    {file = "Pillow-10.0.1-cp311-cp311-win_amd64.whl", hash = "sha256:898f1d306298ff40dc1b9ca24824f0488f6f039bc0e25cfb549d3195ffa17088"},
    {file = "Pillow-10.0.1-cp312-cp312-macosx_10_10_x86_64.whl", hash = "sha256:bcf1207e2f2385a576832af02702de104be71301c2696d0012b1b93fe34aaa5b"},
    {file = "Pillow-10.0.1-cp312-cp312-macosx_11_0_arm64.whl", hash = "sha256:5d6c9049c6274c1bb565021367431ad04481ebb54872edecfcd6088d27edd6ed"},
    {file = "Pillow-10.0.1-cp312-cp312-manylinux_2_17_aarch64.manylinux2014_aarch64.whl", hash = "sha256:28444cb6ad49726127d6b340217f0627abc8732f1194fd5352dec5e6a0105635"},
    {file = "Pillow-10.0.1-cp312-cp312-manylinux_2_17_x86_64.manylinux2014_x86_64.whl", hash = "sha256:de596695a75496deb3b499c8c4f8e60376e0516e1a774e7bc046f0f48cd620ad"},
    {file = "Pillow-10.0.1-cp312-cp312-manylinux_2_28_aarch64.whl", hash = "sha256:2872f2d7846cf39b3dbff64bc1104cc48c76145854256451d33c5faa55c04d1a"},
    {file = "Pillow-10.0.1-cp312-cp312-manylinux_2_28_x86_64.whl", hash = "sha256:4ce90f8a24e1c15465048959f1e94309dfef93af272633e8f37361b824532e91"},
    {file = "Pillow-10.0.1-cp312-cp312-musllinux_1_1_aarch64.whl", hash = "sha256:ee7810cf7c83fa227ba9125de6084e5e8b08c59038a7b2c9045ef4dde61663b4"},
    {file = "Pillow-10.0.1-cp312-cp312-musllinux_1_1_x86_64.whl", hash = "sha256:b1be1c872b9b5fcc229adeadbeb51422a9633abd847c0ff87dc4ef9bb184ae08"},
    {file = "Pillow-10.0.1-cp312-cp312-win_amd64.whl", hash = "sha256:98533fd7fa764e5f85eebe56c8e4094db912ccbe6fbf3a58778d543cadd0db08"},
    {file = "Pillow-10.0.1-pp310-pypy310_pp73-macosx_10_10_x86_64.whl", hash = "sha256:32bec7423cdf25c9038fef614a853c9d25c07590e1a870ed471f47fb80b244db"},
    {file = "Pillow-10.0.1-pp310-pypy310_pp73-manylinux_2_17_x86_64.manylinux2014_x86_64.whl", hash = "sha256:b7cf63d2c6928b51d35dfdbda6f2c1fddbe51a6bc4a9d4ee6ea0e11670dd981e"},
    {file = "Pillow-10.0.1-pp310-pypy310_pp73-manylinux_2_28_x86_64.whl", hash = "sha256:f6d3d4c905e26354e8f9d82548475c46d8e0889538cb0657aa9c6f0872a37aa4"},
    {file = "Pillow-10.0.1-pp310-pypy310_pp73-win_amd64.whl", hash = "sha256:847e8d1017c741c735d3cd1883fa7b03ded4f825a6e5fcb9378fd813edee995f"},
    {file = "Pillow-10.0.1-pp39-pypy39_pp73-macosx_10_10_x86_64.whl", hash = "sha256:7f771e7219ff04b79e231d099c0a28ed83aa82af91fd5fa9fdb28f5b8d5addaf"},
    {file = "Pillow-10.0.1-pp39-pypy39_pp73-manylinux_2_17_x86_64.manylinux2014_x86_64.whl", hash = "sha256:459307cacdd4138edee3875bbe22a2492519e060660eaf378ba3b405d1c66317"},
    {file = "Pillow-10.0.1-pp39-pypy39_pp73-manylinux_2_28_x86_64.whl", hash = "sha256:b059ac2c4c7a97daafa7dc850b43b2d3667def858a4f112d1aa082e5c3d6cf7d"},
    {file = "Pillow-10.0.1-pp39-pypy39_pp73-win_amd64.whl", hash = "sha256:d6caf3cd38449ec3cd8a68b375e0c6fe4b6fd04edb6c9766b55ef84a6e8ddf2d"},
    {file = "Pillow-10.0.1.tar.gz", hash = "sha256:d72967b06be9300fed5cfbc8b5bafceec48bf7cdc7dab66b1d2549035287191d"},
]

[[package]]
name = "polars"
version = "0.19.6"
requires_python = ">=3.8"
summary = "Blazingly fast DataFrame library"
files = [
    {file = "polars-0.19.6-cp38-abi3-macosx_10_7_x86_64.whl", hash = "sha256:a9667e1afcada45c0a32df7c1cd3b588a32424249487db4ef931841859020db4"},
    {file = "polars-0.19.6-cp38-abi3-macosx_11_0_arm64.whl", hash = "sha256:21e1b6648fcbf79ccb69a1f09c490574b3ec6556af4d3044da6ccf8353a77915"},
    {file = "polars-0.19.6-cp38-abi3-manylinux_2_17_aarch64.manylinux2014_aarch64.whl", hash = "sha256:1b8f5ca5a682ae3ebfda5993847cee4818f546ea6ab40fe5fb275093db2a14ac"},
    {file = "polars-0.19.6-cp38-abi3-manylinux_2_17_x86_64.manylinux2014_x86_64.whl", hash = "sha256:52259072fa9c5aac0a54a52fe74039fe5bf157ddc7ec38df19cee6c8594918d9"},
    {file = "polars-0.19.6-cp38-abi3-win_amd64.whl", hash = "sha256:f4eb5860301bb3ad4d6e9bb6c319e099fc5d0a6dbe47c60b44323b96a09ec1ea"},
    {file = "polars-0.19.6.tar.gz", hash = "sha256:b0e4be7db019152ee5fa26b42515474037472521a1ce5a113b0f0bb4209205fd"},
]

[[package]]
name = "prompt-toolkit"
version = "3.0.39"
requires_python = ">=3.7.0"
summary = "Library for building powerful interactive command lines in Python"
dependencies = [
    "wcwidth",
]
files = [
    {file = "prompt_toolkit-3.0.39-py3-none-any.whl", hash = "sha256:9dffbe1d8acf91e3de75f3b544e4842382fc06c6babe903ac9acb74dc6e08d88"},
    {file = "prompt_toolkit-3.0.39.tar.gz", hash = "sha256:04505ade687dc26dc4284b1ad19a83be2f2afe83e7a828ace0c72f3a1df72aac"},
]

[[package]]
name = "ptyprocess"
version = "0.7.0"
summary = "Run a subprocess in a pseudo terminal"
files = [
    {file = "ptyprocess-0.7.0-py2.py3-none-any.whl", hash = "sha256:4b41f3967fce3af57cc7e94b888626c18bf37a083e3651ca8feeb66d492fef35"},
    {file = "ptyprocess-0.7.0.tar.gz", hash = "sha256:5c5d0a3b48ceee0b48485e0c26037c0acd7d29765ca3fbb5cb3831d347423220"},
]

[[package]]
name = "pure-eval"
version = "0.2.2"
summary = "Safely evaluate AST nodes without side effects"
files = [
    {file = "pure_eval-0.2.2-py3-none-any.whl", hash = "sha256:01eaab343580944bc56080ebe0a674b39ec44a945e6d09ba7db3cb8cec289350"},
    {file = "pure_eval-0.2.2.tar.gz", hash = "sha256:2b45320af6dfaa1750f543d714b6d1c520a1688dec6fd24d339063ce0aaa9ac3"},
]

[[package]]
name = "pyarrow"
version = "13.0.0"
requires_python = ">=3.8"
summary = "Python library for Apache Arrow"
dependencies = [
    "numpy>=1.16.6",
]
files = [
    {file = "pyarrow-13.0.0-cp311-cp311-macosx_10_14_x86_64.whl", hash = "sha256:aac0ae0146a9bfa5e12d87dda89d9ef7c57a96210b899459fc2f785303dcbb67"},
    {file = "pyarrow-13.0.0-cp311-cp311-macosx_11_0_arm64.whl", hash = "sha256:d7759994217c86c161c6a8060509cfdf782b952163569606bb373828afdd82e8"},
    {file = "pyarrow-13.0.0-cp311-cp311-manylinux_2_17_aarch64.manylinux2014_aarch64.whl", hash = "sha256:868a073fd0ff6468ae7d869b5fc1f54de5c4255b37f44fb890385eb68b68f95d"},
    {file = "pyarrow-13.0.0-cp311-cp311-manylinux_2_17_x86_64.manylinux2014_x86_64.whl", hash = "sha256:51be67e29f3cfcde263a113c28e96aa04362ed8229cb7c6e5f5c719003659d33"},
    {file = "pyarrow-13.0.0-cp311-cp311-manylinux_2_28_aarch64.whl", hash = "sha256:d1b4e7176443d12610874bb84d0060bf080f000ea9ed7c84b2801df851320295"},
    {file = "pyarrow-13.0.0-cp311-cp311-manylinux_2_28_x86_64.whl", hash = "sha256:69b6f9a089d116a82c3ed819eea8fe67dae6105f0d81eaf0fdd5e60d0c6e0944"},
    {file = "pyarrow-13.0.0-cp311-cp311-win_amd64.whl", hash = "sha256:ab1268db81aeb241200e321e220e7cd769762f386f92f61b898352dd27e402ce"},
    {file = "pyarrow-13.0.0.tar.gz", hash = "sha256:83333726e83ed44b0ac94d8d7a21bbdee4a05029c3b1e8db58a863eec8fd8a33"},
]

[[package]]
name = "pygments"
version = "2.16.1"
requires_python = ">=3.7"
summary = "Pygments is a syntax highlighting package written in Python."
files = [
    {file = "Pygments-2.16.1-py3-none-any.whl", hash = "sha256:13fc09fa63bc8d8671a6d247e1eb303c4b343eaee81d861f3404db2935653692"},
    {file = "Pygments-2.16.1.tar.gz", hash = "sha256:1daff0494820c69bc8941e407aa20f577374ee88364ee10a98fdbe0aece96e29"},
]

[[package]]
name = "pyparsing"
version = "3.1.1"
requires_python = ">=3.6.8"
summary = "pyparsing module - Classes and methods to define and execute parsing grammars"
files = [
    {file = "pyparsing-3.1.1-py3-none-any.whl", hash = "sha256:32c7c0b711493c72ff18a981d24f28aaf9c1fb7ed5e9667c9e84e3db623bdbfb"},
    {file = "pyparsing-3.1.1.tar.gz", hash = "sha256:ede28a1a32462f5a9705e07aea48001a08f7cf81a021585011deba701581a0db"},
]

[[package]]
name = "pyproj"
version = "3.6.1"
requires_python = ">=3.9"
summary = "Python interface to PROJ (cartographic projections and coordinate transformations library)"
dependencies = [
    "certifi",
]
files = [
    {file = "pyproj-3.6.1-cp311-cp311-macosx_10_9_x86_64.whl", hash = "sha256:ebfbdbd0936e178091309f6cd4fcb4decd9eab12aa513cdd9add89efa3ec2882"},
    {file = "pyproj-3.6.1-cp311-cp311-macosx_11_0_arm64.whl", hash = "sha256:447db19c7efad70ff161e5e46a54ab9cc2399acebb656b6ccf63e4bc4a04b97a"},
    {file = "pyproj-3.6.1-cp311-cp311-manylinux_2_17_aarch64.manylinux2014_aarch64.whl", hash = "sha256:e7e13c40183884ec7f94eb8e0f622f08f1d5716150b8d7a134de48c6110fee85"},
    {file = "pyproj-3.6.1-cp311-cp311-manylinux_2_17_x86_64.manylinux2014_x86_64.whl", hash = "sha256:65ad699e0c830e2b8565afe42bd58cc972b47d829b2e0e48ad9638386d994915"},
    {file = "pyproj-3.6.1-cp311-cp311-win32.whl", hash = "sha256:8b8acc31fb8702c54625f4d5a2a6543557bec3c28a0ef638778b7ab1d1772132"},
    {file = "pyproj-3.6.1-cp311-cp311-win_amd64.whl", hash = "sha256:38a3361941eb72b82bd9a18f60c78b0df8408416f9340521df442cebfc4306e2"},
    {file = "pyproj-3.6.1-cp312-cp312-macosx_10_9_x86_64.whl", hash = "sha256:1e9fbaf920f0f9b4ee62aab832be3ae3968f33f24e2e3f7fbb8c6728ef1d9746"},
    {file = "pyproj-3.6.1-cp312-cp312-macosx_11_0_arm64.whl", hash = "sha256:6d227a865356f225591b6732430b1d1781e946893789a609bb34f59d09b8b0f8"},
    {file = "pyproj-3.6.1-cp312-cp312-manylinux_2_17_aarch64.manylinux2014_aarch64.whl", hash = "sha256:83039e5ae04e5afc974f7d25ee0870a80a6bd6b7957c3aca5613ccbe0d3e72bf"},
    {file = "pyproj-3.6.1-cp312-cp312-manylinux_2_17_x86_64.manylinux2014_x86_64.whl", hash = "sha256:fffb059ba3bced6f6725961ba758649261d85ed6ce670d3e3b0a26e81cf1aa8d"},
    {file = "pyproj-3.6.1-cp312-cp312-win32.whl", hash = "sha256:2d6ff73cc6dbbce3766b6c0bce70ce070193105d8de17aa2470009463682a8eb"},
    {file = "pyproj-3.6.1-cp312-cp312-win_amd64.whl", hash = "sha256:7a27151ddad8e1439ba70c9b4b2b617b290c39395fa9ddb7411ebb0eb86d6fb0"},
    {file = "pyproj-3.6.1-pp39-pypy39_pp73-macosx_10_9_x86_64.whl", hash = "sha256:fd93c1a0c6c4aedc77c0fe275a9f2aba4d59b8acf88cebfc19fe3c430cfabf4f"},
    {file = "pyproj-3.6.1-pp39-pypy39_pp73-manylinux_2_17_x86_64.manylinux2014_x86_64.whl", hash = "sha256:6420ea8e7d2a88cb148b124429fba8cd2e0fae700a2d96eab7083c0928a85110"},
    {file = "pyproj-3.6.1.tar.gz", hash = "sha256:44aa7c704c2b7d8fb3d483bbf75af6cb2350d30a63b144279a09b75fead501bf"},
]

[[package]]
name = "pyqt6"
version = "6.5.2"
requires_python = ">=3.6.1"
summary = "Python bindings for the Qt cross platform application toolkit"
dependencies = [
    "PyQt6-Qt6>=6.5.0",
    "PyQt6-sip<14,>=13.4",
]
files = [
    {file = "PyQt6-6.5.2-cp37-abi3-macosx_10_14_universal2.whl", hash = "sha256:5bad1437eb0c1ae801103b32ef04ef62ef1cce505b448525f60089ce36329b89"},
    {file = "PyQt6-6.5.2-cp37-abi3-manylinux_2_28_x86_64.whl", hash = "sha256:70468cca4537756c714a57fa1baa5beabb9b38775f52f9611f49870705672c55"},
    {file = "PyQt6-6.5.2-cp37-abi3-win_amd64.whl", hash = "sha256:ff1d12767b578f0f0e87cdb12198e7dcad9a176c40d1d1d799984181b0af93cb"},
    {file = "PyQt6-6.5.2.tar.gz", hash = "sha256:1487ee7350f9ffb66d60ab4176519252c2b371762cbe8f8340fd951f63801280"},
]

[[package]]
name = "pyqt6-qt6"
version = "6.5.2"
summary = "The subset of a Qt installation needed by PyQt6."
files = [
    {file = "PyQt6_Qt6-6.5.2-py3-none-macosx_10_14_x86_64.whl", hash = "sha256:4b37f6f93c0980469ccc570998d3e3de243028bae7389fb6330443ab215ce2f6"},
    {file = "PyQt6_Qt6-6.5.2-py3-none-macosx_11_0_arm64.whl", hash = "sha256:8dad61b4666d91882d7e1c4d619c71e7429c13e19182f8b3bebf3ecf95107d4c"},
    {file = "PyQt6_Qt6-6.5.2-py3-none-manylinux_2_28_x86_64.whl", hash = "sha256:953f3c0e99e486081a6d438b32fbc240da97457226562eb68cf1b11c516386fd"},
    {file = "PyQt6_Qt6-6.5.2-py3-none-win_amd64.whl", hash = "sha256:5a3c7bb899678bf801136b31cd589ed4d0d54ab32be5fb76c2bdeb161a9662ad"},
]

[[package]]
name = "pyqt6-sip"
version = "13.5.2"
requires_python = ">=3.7"
summary = "The sip module support for PyQt6"
files = [
    {file = "PyQt6_sip-13.5.2-cp311-cp311-macosx_10_9_universal2.whl", hash = "sha256:4b5b0c4b557e0293eba008021342459a0f91c69a7a2eb5231276d495d1d2960a"},
    {file = "PyQt6_sip-13.5.2-cp311-cp311-manylinux_2_5_x86_64.manylinux1_x86_64.whl", hash = "sha256:831f5d606fc5296a80303ab30892c3308954c5766039bf7a96267488bb2524a5"},
    {file = "PyQt6_sip-13.5.2-cp311-cp311-win_amd64.whl", hash = "sha256:91812f0094443b816a74a89954d60bb50060807f54d7c016a4de7bd29454091e"},
    {file = "PyQt6_sip-13.5.2.tar.gz", hash = "sha256:ebf6264b6feda01ba37d3b60a4bb87493bdb87be70f7b2a5384a7acd4902d88d"},
]

[[package]]
name = "python-dateutil"
version = "2.8.2"
requires_python = "!=3.0.*,!=3.1.*,!=3.2.*,>=2.7"
summary = "Extensions to the standard Python datetime module"
dependencies = [
    "six>=1.5",
]
files = [
    {file = "python-dateutil-2.8.2.tar.gz", hash = "sha256:0123cacc1627ae19ddf3c27a5de5bd67ee4586fbdd6440d9748f8abb483d3e86"},
    {file = "python_dateutil-2.8.2-py2.py3-none-any.whl", hash = "sha256:961d03dc3453ebbc59dbdea9e4e11c5651520a876d0f4db161e8674aae935da9"},
]

[[package]]
name = "pytz"
version = "2023.3.post1"
summary = "World timezone definitions, modern and historical"
files = [
    {file = "pytz-2023.3.post1-py2.py3-none-any.whl", hash = "sha256:ce42d816b81b68506614c11e8937d3aa9e41007ceb50bfdcb0749b921bf646c7"},
    {file = "pytz-2023.3.post1.tar.gz", hash = "sha256:7b4fddbeb94a1eba4b557da24f19fdf9db575192544270a9101d8509f9f43d7b"},
]

[[package]]
name = "shapely"
version = "2.0.1"
requires_python = ">=3.7"
summary = "Manipulation and analysis of geometric objects"
dependencies = [
    "numpy>=1.14",
]
files = [
    {file = "shapely-2.0.1-cp311-cp311-macosx_10_9_universal2.whl", hash = "sha256:502e0a607f1dcc6dee0125aeee886379be5242c854500ea5fd2e7ac076b9ce6d"},
    {file = "shapely-2.0.1-cp311-cp311-macosx_10_9_x86_64.whl", hash = "sha256:7d3bbeefd8a6a1a1017265d2d36f8ff2d79d0162d8c141aa0d37a87063525656"},
    {file = "shapely-2.0.1-cp311-cp311-macosx_11_0_arm64.whl", hash = "sha256:f470a130d6ddb05b810fc1776d918659407f8d025b7f56d2742a596b6dffa6c7"},
    {file = "shapely-2.0.1-cp311-cp311-manylinux_2_17_aarch64.manylinux2014_aarch64.whl", hash = "sha256:4641325e065fd3e07d55677849c9ddfd0cf3ee98f96475126942e746d55b17c8"},
    {file = "shapely-2.0.1-cp311-cp311-manylinux_2_17_i686.manylinux2014_i686.whl", hash = "sha256:90cfa4144ff189a3c3de62e2f3669283c98fb760cfa2e82ff70df40f11cadb39"},
    {file = "shapely-2.0.1-cp311-cp311-manylinux_2_17_x86_64.manylinux2014_x86_64.whl", hash = "sha256:70a18fc7d6418e5aea76ac55dce33f98e75bd413c6eb39cfed6a1ba36469d7d4"},
    {file = "shapely-2.0.1-cp311-cp311-win32.whl", hash = "sha256:09d6c7763b1bee0d0a2b84bb32a4c25c6359ad1ac582a62d8b211e89de986154"},
    {file = "shapely-2.0.1-cp311-cp311-win_amd64.whl", hash = "sha256:d8f55f355be7821dade839df785a49dc9f16d1af363134d07eb11e9207e0b189"},
    {file = "shapely-2.0.1.tar.gz", hash = "sha256:66a6b1a3e72ece97fc85536a281476f9b7794de2e646ca8a4517e2e3c1446893"},
]

[[package]]
name = "six"
version = "1.16.0"
requires_python = ">=2.7, !=3.0.*, !=3.1.*, !=3.2.*"
summary = "Python 2 and 3 compatibility utilities"
files = [
    {file = "six-1.16.0-py2.py3-none-any.whl", hash = "sha256:8abb2f1d86890a2dfb989f9a77cfcfd3e47c2a354b01111771326f8aa26e0254"},
    {file = "six-1.16.0.tar.gz", hash = "sha256:1e61c37477a1626458e36f7b1d82aa5c9b094fa4802892072e49de9c60c4c926"},
]

[[package]]
name = "stack-data"
version = "0.6.3"
summary = "Extract data from python stack frames and tracebacks for informative displays"
dependencies = [
    "asttokens>=2.1.0",
    "executing>=1.2.0",
    "pure-eval",
]
files = [
    {file = "stack_data-0.6.3-py3-none-any.whl", hash = "sha256:d5558e0c25a4cb0853cddad3d77da9891a08cb85dd9f9f91b9f8cd66e511e695"},
    {file = "stack_data-0.6.3.tar.gz", hash = "sha256:836a778de4fec4dcd1dcd89ed8abff8a221f58308462e1c4aa2a3cf30148f0b9"},
]

[[package]]
name = "traitlets"
version = "5.10.1"
requires_python = ">=3.8"
summary = "Traitlets Python configuration system"
files = [
    {file = "traitlets-5.10.1-py3-none-any.whl", hash = "sha256:07ab9c5bf8a0499fd7b088ba51be899c90ffc936ffc797d7b6907fc516bcd116"},
    {file = "traitlets-5.10.1.tar.gz", hash = "sha256:db9c4aa58139c3ba850101913915c042bdba86f7c8a0dda1c6f7f92c5da8e542"},
]

[[package]]
name = "tzdata"
version = "2023.3"
requires_python = ">=2"
summary = "Provider of IANA time zone data"
files = [
    {file = "tzdata-2023.3-py2.py3-none-any.whl", hash = "sha256:7e65763eef3120314099b6939b5546db7adce1e7d6f2e179e3df563c70511eda"},
    {file = "tzdata-2023.3.tar.gz", hash = "sha256:11ef1e08e54acb0d4f95bdb1be05da659673de4acbd21bf9c69e94cc5e907a3a"},
]

[[package]]
name = "wcwidth"
version = "0.2.8"
summary = "Measures the displayed width of unicode strings in a terminal"
files = [
    {file = "wcwidth-0.2.8-py2.py3-none-any.whl", hash = "sha256:77f719e01648ed600dfa5402c347481c0992263b81a027344f3e1ba25493a704"},
    {file = "wcwidth-0.2.8.tar.gz", hash = "sha256:8705c569999ffbb4f6a87c6d1b80f324bd6db952f5eb0b95bc07517f4c1813d4"},
]
