schema: '2.0'
stages:
  query:
    cmd: python -m src.query --minx 80.0601 --maxx 88.204 --miny 26.3475 --maxy 30.447
      --filename nepal_places
    outs:
    - path: ./data/raw/nepal_places.gpkg
      hash: md5
      md5: 4138a074a6be7e6e0ccaa92116373ca7
      size: 108433408
  clean:
    cmd: python -m src.clean --filename nepal_places
    deps:
    - path: ./data/raw/nepal_places.gpkg
      hash: md5
      md5: 4138a074a6be7e6e0ccaa92116373ca7
      size: 108433408
    outs:
    - path: ./data/processed/nepal_places.parquet
      hash: md5
      md5: 536ff0669afa7c2d6ec23b8690440cea
      size: 32870326
