schema: '2.0'
stages:
  query:
    cmd: python -m src.query --minx -9.0 --maxx 2.01 --miny 49.75 --maxy 61.01 --filename
      uk_places
    outs:
    - path: ./data/raw/uk_places.gpkg
      hash: md5
      md5: fb73cbb2acb16723cd7c29764a545ed9
      size: 1442713600
  clean:
    cmd: python -m src.clean --filename uk_places
    deps:
    - path: ./data/raw/uk_places.gpkg
      hash: md5
      md5: fb73cbb2acb16723cd7c29764a545ed9
      size: 1442713600
    outs:
    - path: data/processed/uk_places.parquet
      hash: md5
      md5: 17a6f947bfb33caf570a0dafa7a49566
      size: 428256746
  uk_postprocessing:
    cmd: python -m src.uk_postprocessing --filename uk_places
    deps:
    - path: ./data/processed/uk_places.parquet
      hash: md5
      md5: 17a6f947bfb33caf570a0dafa7a49566
      size: 428256746
    outs:
    - path: ./data/processed/uk_places_admin.parquet
      hash: md5
      md5: 1ef6ef6cea59144d60c0666ca212a7c6
      size: 375657552
